
Microsoft Visual Studio Solution File, Format Version 12.00
# Visual Studio Version 17
VisualStudioVersion = 17.0.31903.59
MinimumVisualStudioVersion = 10.0.40219.1
Project("{2150E333-8FDC-42A3-9474-1A3956D46DE8}") = "src", "src", "{8F3C1C5B-6028-43BC-AA87-CF676A45CB16}"
EndProject
Project("{FAE04EC0-301F-11D3-BF4B-00C04F79EFBC}") = "SimpleAPI", "src\SimpleAPI\SimpleAPI.csproj", "{020F5424-712E-426E-9809-389ACB205DCE}"
EndProject
Project("{2150E333-8FDC-42A3-9474-1A3956D46DE8}") = "test", "test", "{0E24F89F-1D3E-4213-B0C5-1A372DC56C7D}"
EndProject
Project("{FAE04EC0-301F-11D3-BF4B-00C04F79EFBC}") = "SimpleAPI.Tests", "test\SimpleAPI.Tests\SimpleAPI.Tests.csproj", "{CF811B5A-FFC8-4B4A-A5EE-405D0EBD9685}"
EndProject
Global
	GlobalSection(SolutionConfigurationPlatforms) = preSolution
		Debug|Any CPU = Debug|Any CPU
		Release|Any CPU = Release|Any CPU
	EndGlobalSection
	GlobalSection(SolutionProperties) = preSolution
		HideSolutionNode = FALSE
	EndGlobalSection
	GlobalSection(ProjectConfigurationPlatforms) = postSolution
		{020F5424-712E-426E-9809-389ACB205DCE}.Debug|Any CPU.ActiveCfg = Debug|Any CPU
		{020F5424-712E-426E-9809-389ACB205DCE}.Debug|Any CPU.Build.0 = Debug|Any CPU
		{020F5424-712E-426E-9809-389ACB205DCE}.Release|Any CPU.ActiveCfg = Release|Any CPU
		{020F5424-712E-426E-9809-389ACB205DCE}.Release|Any CPU.Build.0 = Release|Any CPU
		{CF811B5A-FFC8-4B4A-A5EE-405D0EBD9685}.Debug|Any CPU.ActiveCfg = Debug|Any CPU
		{CF811B5A-FFC8-4B4A-A5EE-405D0EBD9685}.Debug|Any CPU.Build.0 = Debug|Any CPU
		{CF811B5A-FFC8-4B4A-A5EE-405D0EBD9685}.Release|Any CPU.ActiveCfg = Release|Any CPU
		{CF811B5A-FFC8-4B4A-A5EE-405D0EBD9685}.Release|Any CPU.Build.0 = Release|Any CPU
	EndGlobalSection
	GlobalSection(NestedProjects) = preSolution
		{020F5424-712E-426E-9809-389ACB205DCE} = {8F3C1C5B-6028-43BC-AA87-CF676A45CB16}
		{CF811B5A-FFC8-4B4A-A5EE-405D0EBD9685} = {0E24F89F-1D3E-4213-B0C5-1A372DC56C7D}
	EndGlobalSection
EndGlobal
